
Microsoft Visual Studio Solution File, Format Version 12.00
# Visual Studio 2012
Project("{FAE04EC0-301F-11D3-BF4B-00C04F79EFBC}") = "radion1301681076", "radion1301681076\radion1301681076.csproj", "{FD6D4E44-98E0-433A-B328-68D14E0E9FCE}"
EndProject
Global
	GlobalSection(SolutionConfigurationPlatforms) = preSolution
		Debug|Any CPU = Debug|Any CPU
		Release|Any CPU = Release|Any CPU
	EndGlobalSection
	GlobalSection(ProjectConfigurationPlatforms) = postSolution
		{FD6D4E44-98E0-433A-B328-68D14E0E9FCE}.Debug|Any CPU.ActiveCfg = Debug|Any CPU
		{FD6D4E44-98E0-433A-B328-68D14E0E9FCE}.Debug|Any CPU.Build.0 = Debug|Any CPU
		{FD6D4E44-98E0-433A-B328-68D14E0E9FCE}.Release|Any CPU.ActiveCfg = Release|Any CPU
		{FD6D4E44-98E0-433A-B328-68D14E0E9FCE}.Release|Any CPU.Build.0 = Release|Any CPU
	EndGlobalSection
	GlobalSection(SolutionProperties) = preSolution
		HideSolutionNode = FALSE
	EndGlobalSection
EndGlobal
