
Microsoft Visual Studio Solution File, Format Version 12.00
# Visual Studio 2013
VisualStudioVersion = 12.0.21005.1
MinimumVisualStudioVersion = 10.0.40219.1
Project("{FAE04EC0-301F-11D3-BF4B-00C04F79EFBC}") = "WindowsFormsApplication1", "WindowsFormsApplication1\WindowsFormsApplication1.csproj", "{50BA3041-F063-493B-9C16-D8B920B9290E}"
EndProject
Global
	GlobalSection(SolutionConfigurationPlatforms) = preSolution
		Debug|Any CPU = Debug|Any CPU
		Release|Any CPU = Release|Any CPU
	EndGlobalSection
	GlobalSection(ProjectConfigurationPlatforms) = postSolution
		{50BA3041-F063-493B-9C16-D8B920B9290E}.Debug|Any CPU.ActiveCfg = Debug|Any CPU
		{50BA3041-F063-493B-9C16-D8B920B9290E}.Debug|Any CPU.Build.0 = Debug|Any CPU
		{50BA3041-F063-493B-9C16-D8B920B9290E}.Release|Any CPU.ActiveCfg = Release|Any CPU
		{50BA3041-F063-493B-9C16-D8B920B9290E}.Release|Any CPU.Build.0 = Release|Any CPU
	EndGlobalSection
	GlobalSection(SolutionProperties) = preSolution
		HideSolutionNode = FALSE
	EndGlobalSection
EndGlobal
