
Microsoft Visual Studio Solution File, Format Version 12.00
# Visual Studio 2012
Project("{FAE04EC0-301F-11D3-BF4B-00C04F79EFBC}") = "WebApplication3", "WebApplication3\WebApplication3.csproj", "{4549F0F0-635E-4B13-AA57-49061209C913}"
EndProject
Global
	GlobalSection(SolutionConfigurationPlatforms) = preSolution
		Debug|Any CPU = Debug|Any CPU
		Release|Any CPU = Release|Any CPU
	EndGlobalSection
	GlobalSection(ProjectConfigurationPlatforms) = postSolution
		{4549F0F0-635E-4B13-AA57-49061209C913}.Debug|Any CPU.ActiveCfg = Debug|Any CPU
		{4549F0F0-635E-4B13-AA57-49061209C913}.Debug|Any CPU.Build.0 = Debug|Any CPU
		{4549F0F0-635E-4B13-AA57-49061209C913}.Release|Any CPU.ActiveCfg = Release|Any CPU
		{4549F0F0-635E-4B13-AA57-49061209C913}.Release|Any CPU.Build.0 = Release|Any CPU
	EndGlobalSection
	GlobalSection(SolutionProperties) = preSolution
		HideSolutionNode = FALSE
	EndGlobalSection
EndGlobal
