
Microsoft Visual Studio Solution File, Format Version 12.00
# Visual Studio 2012
Project("{FAE04EC0-301F-11D3-BF4B-00C04F79EFBC}") = "AccessWinFormApplication - CRUD", "AccessWinFormApplication - CRUD\AccessWinFormApplication - CRUD.csproj", "{7C4FABD9-836E-41D7-8765-1885476CBBC5}"
EndProject
Project("{FAE04EC0-301F-11D3-BF4B-00C04F79EFBC}") = "Session", "Session\Session.csproj", "{13C09F56-9FC1-4EB7-BA75-A65121892161}"
EndProject
Project("{FAE04EC0-301F-11D3-BF4B-00C04F79EFBC}") = "Domain", "Domain\Domain.csproj", "{31FF2374-81ED-4451-A4FB-81B9B7C62D36}"
EndProject
Global
	GlobalSection(SolutionConfigurationPlatforms) = preSolution
		Debug|Any CPU = Debug|Any CPU
		Release|Any CPU = Release|Any CPU
	EndGlobalSection
	GlobalSection(ProjectConfigurationPlatforms) = postSolution
		{7C4FABD9-836E-41D7-8765-1885476CBBC5}.Debug|Any CPU.ActiveCfg = Debug|Any CPU
		{7C4FABD9-836E-41D7-8765-1885476CBBC5}.Debug|Any CPU.Build.0 = Debug|Any CPU
		{7C4FABD9-836E-41D7-8765-1885476CBBC5}.Release|Any CPU.ActiveCfg = Release|Any CPU
		{7C4FABD9-836E-41D7-8765-1885476CBBC5}.Release|Any CPU.Build.0 = Release|Any CPU
		{13C09F56-9FC1-4EB7-BA75-A65121892161}.Debug|Any CPU.ActiveCfg = Debug|Any CPU
		{13C09F56-9FC1-4EB7-BA75-A65121892161}.Debug|Any CPU.Build.0 = Debug|Any CPU
		{13C09F56-9FC1-4EB7-BA75-A65121892161}.Release|Any CPU.ActiveCfg = Release|Any CPU
		{13C09F56-9FC1-4EB7-BA75-A65121892161}.Release|Any CPU.Build.0 = Release|Any CPU
		{31FF2374-81ED-4451-A4FB-81B9B7C62D36}.Debug|Any CPU.ActiveCfg = Debug|Any CPU
		{31FF2374-81ED-4451-A4FB-81B9B7C62D36}.Debug|Any CPU.Build.0 = Debug|Any CPU
		{31FF2374-81ED-4451-A4FB-81B9B7C62D36}.Release|Any CPU.ActiveCfg = Release|Any CPU
		{31FF2374-81ED-4451-A4FB-81B9B7C62D36}.Release|Any CPU.Build.0 = Release|Any CPU
	EndGlobalSection
	GlobalSection(SolutionProperties) = preSolution
		HideSolutionNode = FALSE
	EndGlobalSection
EndGlobal
