
Microsoft Visual Studio Solution File, Format Version 12.00
# Visual Studio 2012
Project("{FAE04EC0-301F-11D3-BF4B-00C04F79EFBC}") = "LASTtry", "LASTtry\LASTtry.csproj", "{60F0C889-B563-45CB-86F3-5E31679863C1}"
EndProject
Project("{FAE04EC0-301F-11D3-BF4B-00C04F79EFBC}") = "Domain", "Domain\Domain.csproj", "{70C8EBAF-5798-41A5-B29F-E913CE72EF17}"
EndProject
Project("{FAE04EC0-301F-11D3-BF4B-00C04F79EFBC}") = "Session", "Session\Session.csproj", "{1331DC03-D2AA-4630-BE6F-22D2DCE0FD93}"
EndProject
Global
	GlobalSection(SolutionConfigurationPlatforms) = preSolution
		Debug|Any CPU = Debug|Any CPU
		Release|Any CPU = Release|Any CPU
	EndGlobalSection
	GlobalSection(ProjectConfigurationPlatforms) = postSolution
		{60F0C889-B563-45CB-86F3-5E31679863C1}.Debug|Any CPU.ActiveCfg = Debug|Any CPU
		{60F0C889-B563-45CB-86F3-5E31679863C1}.Debug|Any CPU.Build.0 = Debug|Any CPU
		{60F0C889-B563-45CB-86F3-5E31679863C1}.Release|Any CPU.ActiveCfg = Release|Any CPU
		{60F0C889-B563-45CB-86F3-5E31679863C1}.Release|Any CPU.Build.0 = Release|Any CPU
		{70C8EBAF-5798-41A5-B29F-E913CE72EF17}.Debug|Any CPU.ActiveCfg = Debug|Any CPU
		{70C8EBAF-5798-41A5-B29F-E913CE72EF17}.Debug|Any CPU.Build.0 = Debug|Any CPU
		{70C8EBAF-5798-41A5-B29F-E913CE72EF17}.Release|Any CPU.ActiveCfg = Release|Any CPU
		{70C8EBAF-5798-41A5-B29F-E913CE72EF17}.Release|Any CPU.Build.0 = Release|Any CPU
		{1331DC03-D2AA-4630-BE6F-22D2DCE0FD93}.Debug|Any CPU.ActiveCfg = Debug|Any CPU
		{1331DC03-D2AA-4630-BE6F-22D2DCE0FD93}.Debug|Any CPU.Build.0 = Debug|Any CPU
		{1331DC03-D2AA-4630-BE6F-22D2DCE0FD93}.Release|Any CPU.ActiveCfg = Release|Any CPU
		{1331DC03-D2AA-4630-BE6F-22D2DCE0FD93}.Release|Any CPU.Build.0 = Release|Any CPU
	EndGlobalSection
	GlobalSection(SolutionProperties) = preSolution
		HideSolutionNode = FALSE
	EndGlobalSection
EndGlobal
